
Microsoft Visual Studio Solution File, Format Version 12.00
# Visual Studio 15
VisualStudioVersion = 15.0.28307.572
MinimumVisualStudioVersion = 10.0.40219.1
Project("{FAE04EC0-301F-11D3-BF4B-00C04F79EFBC}") = "AsyncAwait", "AsyncAwait\AsyncAwait.csproj", "{9175EB8F-063F-43EE-92CF-F4DCAA6A8EEC}"
EndProject
Global
	GlobalSection(SolutionConfigurationPlatforms) = preSolution
		Debug|Any CPU = Debug|Any CPU
		Release|Any CPU = Release|Any CPU
	EndGlobalSection
	GlobalSection(ProjectConfigurationPlatforms) = postSolution
		{9175EB8F-063F-43EE-92CF-F4DCAA6A8EEC}.Debug|Any CPU.ActiveCfg = Debug|Any CPU
		{9175EB8F-063F-43EE-92CF-F4DCAA6A8EEC}.Debug|Any CPU.Build.0 = Debug|Any CPU
		{9175EB8F-063F-43EE-92CF-F4DCAA6A8EEC}.Release|Any CPU.ActiveCfg = Release|Any CPU
		{9175EB8F-063F-43EE-92CF-F4DCAA6A8EEC}.Release|Any CPU.Build.0 = Release|Any CPU
	EndGlobalSection
	GlobalSection(SolutionProperties) = preSolution
		HideSolutionNode = FALSE
	EndGlobalSection
	GlobalSection(ExtensibilityGlobals) = postSolution
		SolutionGuid = {79A1F9CC-25D7-47CD-88D0-F9924FE02504}
	EndGlobalSection
EndGlobal
