
Microsoft Visual Studio Solution File, Format Version 12.00
# Visual Studio 15
VisualStudioVersion = 15.0.28307.572
MinimumVisualStudioVersion = 10.0.40219.1
Project("{FAE04EC0-301F-11D3-BF4B-00C04F79EFBC}") = "Threads", "Threads\Threads.csproj", "{C48C0A7E-9B69-4939-89EB-B133729B95CD}"
EndProject
Global
	GlobalSection(SolutionConfigurationPlatforms) = preSolution
		Debug|Any CPU = Debug|Any CPU
		Release|Any CPU = Release|Any CPU
	EndGlobalSection
	GlobalSection(ProjectConfigurationPlatforms) = postSolution
		{C48C0A7E-9B69-4939-89EB-B133729B95CD}.Debug|Any CPU.ActiveCfg = Debug|Any CPU
		{C48C0A7E-9B69-4939-89EB-B133729B95CD}.Debug|Any CPU.Build.0 = Debug|Any CPU
		{C48C0A7E-9B69-4939-89EB-B133729B95CD}.Release|Any CPU.ActiveCfg = Release|Any CPU
		{C48C0A7E-9B69-4939-89EB-B133729B95CD}.Release|Any CPU.Build.0 = Release|Any CPU
	EndGlobalSection
	GlobalSection(SolutionProperties) = preSolution
		HideSolutionNode = FALSE
	EndGlobalSection
	GlobalSection(ExtensibilityGlobals) = postSolution
		SolutionGuid = {0292217B-7DBD-444D-90B2-A8ED6C590174}
	EndGlobalSection
EndGlobal
